
Microsoft Visual Studio Solution File, Format Version 12.00
# Visual Studio Version 16
VisualStudioVersion = 16.0.34301.259
MinimumVisualStudioVersion = 10.0.40219.1
Project("{FAE04EC0-301F-11D3-BF4B-00C04F79EFBC}") = "RaffleTicketsApp", "RaffleTicketsApp\RaffleTicketsApp.csproj", "{A2CABCB1-132B-4B82-86B0-DCC6E2D1367F}"
EndProject
Global
	GlobalSection(SolutionConfigurationPlatforms) = preSolution
		Debug|Any CPU = Debug|Any CPU
		Release|Any CPU = Release|Any CPU
	EndGlobalSection
	GlobalSection(ProjectConfigurationPlatforms) = postSolution
		{A2CABCB1-132B-4B82-86B0-DCC6E2D1367F}.Debug|Any CPU.ActiveCfg = Debug|Any CPU
		{A2CABCB1-132B-4B82-86B0-DCC6E2D1367F}.Debug|Any CPU.Build.0 = Debug|Any CPU
		{A2CABCB1-132B-4B82-86B0-DCC6E2D1367F}.Release|Any CPU.ActiveCfg = Release|Any CPU
		{A2CABCB1-132B-4B82-86B0-DCC6E2D1367F}.Release|Any CPU.Build.0 = Release|Any CPU
	EndGlobalSection
	GlobalSection(SolutionProperties) = preSolution
		HideSolutionNode = FALSE
	EndGlobalSection
	GlobalSection(ExtensibilityGlobals) = postSolution
		SolutionGuid = {9B4F5BDB-61BA-44EF-B4F7-B6D2338CB632}
	EndGlobalSection
EndGlobal
